// !$*UTF8*$!
{
	archiveVersion = 1;
	classes = {
	};
	objectVersion = 46;
	objects = {

/* Begin PBXBuildFile section */
		000F79561C0DEBFB00531B22 /* DCPageTabBarController.swift in Sources */ = {isa = PBXBuildFile; fileRef = 000F79551C0DEBFB00531B22 /* DCPageTabBarController.swift */; };
		006E798F1BCD509400F86EB1 /* EmailValidationTests.swift in Sources */ = {isa = PBXBuildFile; fileRef = 006E798E1BCD509400F86EB1 /* EmailValidationTests.swift */; };
		006E79911BCD519100F86EB1 /* NSDateTests.swift in Sources */ = {isa = PBXBuildFile; fileRef = 006E79901BCD519100F86EB1 /* NSDateTests.swift */; };
		006E79931BCD531700F86EB1 /* ArrayTests.swift in Sources */ = {isa = PBXBuildFile; fileRef = 006E79921BCD531700F86EB1 /* ArrayTests.swift */; };
		00DB4C221C1AE649005CB5A1 /* AppDelegate.swift in Sources */ = {isa = PBXBuildFile; fileRef = 00DB4C211C1AE649005CB5A1 /* AppDelegate.swift */; };
		00DB4C291C1AE649005CB5A1 /* Assets.xcassets in Resources */ = {isa = PBXBuildFile; fileRef = 00DB4C281C1AE649005CB5A1 /* Assets.xcassets */; };
		00DB4C371C1AE64A005CB5A1 /* DCPageTabBarControllerSampleAppTests.swift in Sources */ = {isa = PBXBuildFile; fileRef = 00DB4C361C1AE64A005CB5A1 /* DCPageTabBarControllerSampleAppTests.swift */; };
		00DB4C421C1AE64A005CB5A1 /* DCPageTabBarControllerSampleAppUITests.swift in Sources */ = {isa = PBXBuildFile; fileRef = 00DB4C411C1AE64A005CB5A1 /* DCPageTabBarControllerSampleAppUITests.swift */; };
		00DB4C4E1C1AE69A005CB5A1 /* DCMenuPageVC.swift in Sources */ = {isa = PBXBuildFile; fileRef = 00DB4C4D1C1AE69A005CB5A1 /* DCMenuPageVC.swift */; };
		00DB4C4F1C1AE83A005CB5A1 /* AppDelegate.swift in Sources */ = {isa = PBXBuildFile; fileRef = 00DB4C211C1AE649005CB5A1 /* AppDelegate.swift */; };
		00DB4C511C1AE84E005CB5A1 /* DCMenuPageVC.swift in Sources */ = {isa = PBXBuildFile; fileRef = 00DB4C4D1C1AE69A005CB5A1 /* DCMenuPageVC.swift */; };
		00DB4C521C1AE85D005CB5A1 /* Info.plist in Resources */ = {isa = PBXBuildFile; fileRef = 00DB4C2D1C1AE649005CB5A1 /* Info.plist */; };
		00DB4C531C1AE860005CB5A1 /* Assets.xcassets in Resources */ = {isa = PBXBuildFile; fileRef = 00DB4C281C1AE649005CB5A1 /* Assets.xcassets */; };
		00DB4C541C1AE8BB005CB5A1 /* DCKit.framework in Frameworks */ = {isa = PBXBuildFile; fileRef = 7D86102B1B95AC720016FA87 /* DCKit.framework */; };
		00DB4C551C1AE8BB005CB5A1 /* DCKit.framework in Embed Frameworks */ = {isa = PBXBuildFile; fileRef = 7D86102B1B95AC720016FA87 /* DCKit.framework */; settings = {ATTRIBUTES = (CodeSignOnCopy, RemoveHeadersOnCopy, ); }; };
		00DB4C5A1C1AEB60005CB5A1 /* SampleVC.swift in Sources */ = {isa = PBXBuildFile; fileRef = 00DB4C591C1AEB60005CB5A1 /* SampleVC.swift */; };
		00DB4C5C1C1AEC4F005CB5A1 /* Default-568h@2x.png in Resources */ = {isa = PBXBuildFile; fileRef = 00DB4C5B1C1AEC4F005CB5A1 /* Default-568h@2x.png */; };
		00DB4C5D1C1AEC73005CB5A1 /* SampleVC.swift in Sources */ = {isa = PBXBuildFile; fileRef = 00DB4C591C1AEB60005CB5A1 /* SampleVC.swift */; };
		6DD6B9CB4E7518FA8E9A9444 /* Pods_DCKit.framework in Frameworks */ = {isa = PBXBuildFile; fileRef = 6CDC2FFA5C4EFCB976F525CC /* Pods_DCKit.framework */; };
		7D12BEAC1B9894E600069310 /* DCKitColorTests.swift in Sources */ = {isa = PBXBuildFile; fileRef = 7D12BEAB1B9894E600069310 /* DCKitColorTests.swift */; };
		7D28804F1BE36B1300A5A336 /* NSDate+Comparable.swift in Sources */ = {isa = PBXBuildFile; fileRef = 7D28804E1BE36B1300A5A336 /* NSDate+Comparable.swift */; };
		7D2880511BE36B8000A5A336 /* NSDateComparableTests.swift in Sources */ = {isa = PBXBuildFile; fileRef = 7D2880501BE36B8000A5A336 /* NSDateComparableTests.swift */; };
		7D8610311B95AC720016FA87 /* DCKit.h in Headers */ = {isa = PBXBuildFile; fileRef = 7D8610301B95AC720016FA87 /* DCKit.h */; settings = {ATTRIBUTES = (Public, ); }; };
		7D8610371B95AC720016FA87 /* DCKit.framework in Frameworks */ = {isa = PBXBuildFile; fileRef = 7D86102B1B95AC720016FA87 /* DCKit.framework */; };
		7D86103E1B95AC720016FA87 /* DCKitTests.swift in Sources */ = {isa = PBXBuildFile; fileRef = 7D86103D1B95AC720016FA87 /* DCKitTests.swift */; };
		7D8610481B95AD3F0016FA87 /* DCRevealVC.swift in Sources */ = {isa = PBXBuildFile; fileRef = 7D8610471B95AD3F0016FA87 /* DCRevealVC.swift */; };
		7D86104E1B95AE070016FA87 /* UIViewController+ChildVC.swift in Sources */ = {isa = PBXBuildFile; fileRef = 7D86104D1B95AE070016FA87 /* UIViewController+ChildVC.swift */; };
		7D8610561B95B1A80016FA87 /* UIDevice+DC.swift in Sources */ = {isa = PBXBuildFile; fileRef = 7D8610551B95B1A80016FA87 /* UIDevice+DC.swift */; };
		7D86105A1B95BA810016FA87 /* DCFoundation.swift in Sources */ = {isa = PBXBuildFile; fileRef = 7D8610591B95BA810016FA87 /* DCFoundation.swift */; };
		7D86105C1B95BBE10016FA87 /* Array+DC.swift in Sources */ = {isa = PBXBuildFile; fileRef = 7D86105B1B95BBE10016FA87 /* Array+DC.swift */; };
		7D86105F1B95BC810016FA87 /* NSString+EmailValidation.h in Headers */ = {isa = PBXBuildFile; fileRef = 7D86105D1B95BC810016FA87 /* NSString+EmailValidation.h */; settings = {ATTRIBUTES = (Public, ); }; };
		7D8610601B95BC810016FA87 /* NSString+EmailValidation.m in Sources */ = {isa = PBXBuildFile; fileRef = 7D86105E1B95BC810016FA87 /* NSString+EmailValidation.m */; };
		7D8610621B95BCDD0016FA87 /* UIApplication+DC.swift in Sources */ = {isa = PBXBuildFile; fileRef = 7D8610611B95BCDD0016FA87 /* UIApplication+DC.swift */; };
		7D8610641B95BE1A0016FA87 /* UIColor+DC.swift in Sources */ = {isa = PBXBuildFile; fileRef = 7D8610631B95BE1A0016FA87 /* UIColor+DC.swift */; };
		7D8610661B95BF260016FA87 /* UIResponder+KeyboardCache.swift in Sources */ = {isa = PBXBuildFile; fileRef = 7D8610651B95BF260016FA87 /* UIResponder+KeyboardCache.swift */; };
		7D8610681B95BF460016FA87 /* UIDevice+DeviceTypes.swift in Sources */ = {isa = PBXBuildFile; fileRef = 7D8610671B95BF460016FA87 /* UIDevice+DeviceTypes.swift */; };
		7D86106A1B95C0C90016FA87 /* UICollectionViewCell+ReuseIdentifier.swift in Sources */ = {isa = PBXBuildFile; fileRef = 7D8610691B95C0C90016FA87 /* UICollectionViewCell+ReuseIdentifier.swift */; };
		7D86106C1B95C10A0016FA87 /* UITableViewCell+ReuseIdentifier.swift in Sources */ = {isa = PBXBuildFile; fileRef = 7D86106B1B95C10A0016FA87 /* UITableViewCell+ReuseIdentifier.swift */; };
		7D86106E1B95C17D0016FA87 /* NSDate+DCExtension.swift in Sources */ = {isa = PBXBuildFile; fileRef = 7D86106D1B95C17D0016FA87 /* NSDate+DCExtension.swift */; };
		7D8610701B95C2490016FA87 /* DCRandomNumber.swift in Sources */ = {isa = PBXBuildFile; fileRef = 7D86106F1B95C2490016FA87 /* DCRandomNumber.swift */; };
		7D8610721B95C6320016FA87 /* UIView+DCFrame.swift in Sources */ = {isa = PBXBuildFile; fileRef = 7D8610711B95C6320016FA87 /* UIView+DCFrame.swift */; };
		7D8BD7E61B9F670100FA73AE /* UIViewTests.swift in Sources */ = {isa = PBXBuildFile; fileRef = 7D8BD7E51B9F670100FA73AE /* UIViewTests.swift */; };
		7DA8B0241B9986B600D952A2 /* String+DCFontHeight.swift in Sources */ = {isa = PBXBuildFile; fileRef = 7DA8B0231B9986B600D952A2 /* String+DCFontHeight.swift */; };
		7DA8B0261B9986DB00D952A2 /* NSString+DCFontHeight.swift in Sources */ = {isa = PBXBuildFile; fileRef = 7DA8B0251B9986DB00D952A2 /* NSString+DCFontHeight.swift */; };
		7DB899C01B95EAEA00828DDD /* DevicesTest.swift in Sources */ = {isa = PBXBuildFile; fileRef = 7DB899BF1B95EAEA00828DDD /* DevicesTest.swift */; };
		CF1DA2981BBED4190033D7B7 /* NSURLRequest+DebugPrint.swift in Sources */ = {isa = PBXBuildFile; fileRef = CF1DA2961BBED4190033D7B7 /* NSURLRequest+DebugPrint.swift */; };
		CF1DA2991BBED4190033D7B7 /* NSHTTPURLResponse+DebugPrint.swift in Sources */ = {isa = PBXBuildFile; fileRef = CF1DA2971BBED4190033D7B7 /* NSHTTPURLResponse+DebugPrint.swift */; };
		CFD076E91B9D795E00FE020E /* DCVCTransitionFadeInOut.swift in Sources */ = {isa = PBXBuildFile; fileRef = CFD076E21B9D795E00FE020E /* DCVCTransitionFadeInOut.swift */; };
		CFD076EA1B9D795E00FE020E /* DCVCTransitionHorizontalSplit.swift in Sources */ = {isa = PBXBuildFile; fileRef = CFD076E31B9D795E00FE020E /* DCVCTransitionHorizontalSplit.swift */; };
		CFD076EB1B9D795E00FE020E /* DCVCTransitionModalScaling.swift in Sources */ = {isa = PBXBuildFile; fileRef = CFD076E41B9D795E00FE020E /* DCVCTransitionModalScaling.swift */; };
		CFD076EC1B9D795E00FE020E /* DCVCTransitionModal.swift in Sources */ = {isa = PBXBuildFile; fileRef = CFD076E51B9D795E00FE020E /* DCVCTransitionModal.swift */; };
		CFD076EE1B9D795E00FE020E /* DCVCTransitionBase.swift in Sources */ = {isa = PBXBuildFile; fileRef = CFD076E71B9D795E00FE020E /* DCVCTransitionBase.swift */; };
		CFD076EF1B9D795E00FE020E /* UIViewController+CustomTransitioning.swift in Sources */ = {isa = PBXBuildFile; fileRef = CFD076E81B9D795E00FE020E /* UIViewController+CustomTransitioning.swift */; };
/* End PBXBuildFile section */

/* Begin PBXContainerItemProxy section */
		00DB4C331C1AE64A005CB5A1 /* PBXContainerItemProxy */ = {
			isa = PBXContainerItemProxy;
			containerPortal = 7D8610221B95AC720016FA87 /* Project object */;
			proxyType = 1;
			remoteGlobalIDString = 00DB4C1E1C1AE649005CB5A1;
			remoteInfo = DCPageTabBarControllerSampleApp;
		};
		00DB4C3E1C1AE64A005CB5A1 /* PBXContainerItemProxy */ = {
			isa = PBXContainerItemProxy;
			containerPortal = 7D8610221B95AC720016FA87 /* Project object */;
			proxyType = 1;
			remoteGlobalIDString = 00DB4C1E1C1AE649005CB5A1;
			remoteInfo = DCPageTabBarControllerSampleApp;
		};
		00DB4C561C1AE8BB005CB5A1 /* PBXContainerItemProxy */ = {
			isa = PBXContainerItemProxy;
			containerPortal = 7D8610221B95AC720016FA87 /* Project object */;
			proxyType = 1;
			remoteGlobalIDString = 7D86102A1B95AC720016FA87;
			remoteInfo = DCKit;
		};
		7D8610381B95AC720016FA87 /* PBXContainerItemProxy */ = {
			isa = PBXContainerItemProxy;
			containerPortal = 7D8610221B95AC720016FA87 /* Project object */;
			proxyType = 1;
			remoteGlobalIDString = 7D86102A1B95AC720016FA87;
			remoteInfo = DCKit;
		};
/* End PBXContainerItemProxy section */

/* Begin PBXCopyFilesBuildPhase section */
		00DB4C581C1AE8BC005CB5A1 /* Embed Frameworks */ = {
			isa = PBXCopyFilesBuildPhase;
			buildActionMask = 2147483647;
			dstPath = "";
			dstSubfolderSpec = 10;
			files = (
				00DB4C551C1AE8BB005CB5A1 /* DCKit.framework in Embed Frameworks */,
			);
			name = "Embed Frameworks";
			runOnlyForDeploymentPostprocessing = 0;
		};
/* End PBXCopyFilesBuildPhase section */

/* Begin PBXFileReference section */
		000F79551C0DEBFB00531B22 /* DCPageTabBarController.swift */ = {isa = PBXFileReference; fileEncoding = 4; lastKnownFileType = sourcecode.swift; path = DCPageTabBarController.swift; sourceTree = "<group>"; };
		006E798E1BCD509400F86EB1 /* EmailValidationTests.swift */ = {isa = PBXFileReference; fileEncoding = 4; lastKnownFileType = sourcecode.swift; path = EmailValidationTests.swift; sourceTree = "<group>"; };
		006E79901BCD519100F86EB1 /* NSDateTests.swift */ = {isa = PBXFileReference; fileEncoding = 4; lastKnownFileType = sourcecode.swift; path = NSDateTests.swift; sourceTree = "<group>"; };
		006E79921BCD531700F86EB1 /* ArrayTests.swift */ = {isa = PBXFileReference; fileEncoding = 4; lastKnownFileType = sourcecode.swift; path = ArrayTests.swift; sourceTree = "<group>"; };
		00DB4C1F1C1AE649005CB5A1 /* DCPageTabBarControllerSampleApp.app */ = {isa = PBXFileReference; explicitFileType = wrapper.application; includeInIndex = 0; path = DCPageTabBarControllerSampleApp.app; sourceTree = BUILT_PRODUCTS_DIR; };
		00DB4C211C1AE649005CB5A1 /* AppDelegate.swift */ = {isa = PBXFileReference; lastKnownFileType = sourcecode.swift; path = AppDelegate.swift; sourceTree = "<group>"; };
		00DB4C281C1AE649005CB5A1 /* Assets.xcassets */ = {isa = PBXFileReference; lastKnownFileType = folder.assetcatalog; path = Assets.xcassets; sourceTree = "<group>"; };
		00DB4C2D1C1AE649005CB5A1 /* Info.plist */ = {isa = PBXFileReference; lastKnownFileType = text.plist.xml; path = Info.plist; sourceTree = "<group>"; };
		00DB4C321C1AE64A005CB5A1 /* DCPageTabBarControllerSampleAppTests.xctest */ = {isa = PBXFileReference; explicitFileType = wrapper.cfbundle; includeInIndex = 0; path = DCPageTabBarControllerSampleAppTests.xctest; sourceTree = BUILT_PRODUCTS_DIR; };
		00DB4C361C1AE64A005CB5A1 /* DCPageTabBarControllerSampleAppTests.swift */ = {isa = PBXFileReference; lastKnownFileType = sourcecode.swift; path = DCPageTabBarControllerSampleAppTests.swift; sourceTree = "<group>"; };
		00DB4C381C1AE64A005CB5A1 /* Info.plist */ = {isa = PBXFileReference; lastKnownFileType = text.plist.xml; path = Info.plist; sourceTree = "<group>"; };
		00DB4C3D1C1AE64A005CB5A1 /* DCPageTabBarControllerSampleAppUITests.xctest */ = {isa = PBXFileReference; explicitFileType = wrapper.cfbundle; includeInIndex = 0; path = DCPageTabBarControllerSampleAppUITests.xctest; sourceTree = BUILT_PRODUCTS_DIR; };
		00DB4C411C1AE64A005CB5A1 /* DCPageTabBarControllerSampleAppUITests.swift */ = {isa = PBXFileReference; lastKnownFileType = sourcecode.swift; path = DCPageTabBarControllerSampleAppUITests.swift; sourceTree = "<group>"; };
		00DB4C431C1AE64A005CB5A1 /* Info.plist */ = {isa = PBXFileReference; lastKnownFileType = text.plist.xml; path = Info.plist; sourceTree = "<group>"; };
		00DB4C4D1C1AE69A005CB5A1 /* DCMenuPageVC.swift */ = {isa = PBXFileReference; fileEncoding = 4; lastKnownFileType = sourcecode.swift; path = DCMenuPageVC.swift; sourceTree = "<group>"; };
		00DB4C591C1AEB60005CB5A1 /* SampleVC.swift */ = {isa = PBXFileReference; fileEncoding = 4; lastKnownFileType = sourcecode.swift; path = SampleVC.swift; sourceTree = "<group>"; };
		00DB4C5B1C1AEC4F005CB5A1 /* Default-568h@2x.png */ = {isa = PBXFileReference; lastKnownFileType = image.png; path = "Default-568h@2x.png"; sourceTree = "<group>"; };
		2D70B2A271F6C8A865F30DC3 /* Pods-DCKit.release.xcconfig */ = {isa = PBXFileReference; includeInIndex = 1; lastKnownFileType = text.xcconfig; name = "Pods-DCKit.release.xcconfig"; path = "Pods/Target Support Files/Pods-DCKit/Pods-DCKit.release.xcconfig"; sourceTree = "<group>"; };
		436E104F9D51100F7E5B0D1C /* Pods-DCKit.debug.xcconfig */ = {isa = PBXFileReference; includeInIndex = 1; lastKnownFileType = text.xcconfig; name = "Pods-DCKit.debug.xcconfig"; path = "Pods/Target Support Files/Pods-DCKit/Pods-DCKit.debug.xcconfig"; sourceTree = "<group>"; };
		6CDC2FFA5C4EFCB976F525CC /* Pods_DCKit.framework */ = {isa = PBXFileReference; explicitFileType = wrapper.framework; includeInIndex = 0; path = Pods_DCKit.framework; sourceTree = BUILT_PRODUCTS_DIR; };
		7D12BEAB1B9894E600069310 /* DCKitColorTests.swift */ = {isa = PBXFileReference; fileEncoding = 4; lastKnownFileType = sourcecode.swift; path = DCKitColorTests.swift; sourceTree = "<group>"; };
		7D28804E1BE36B1300A5A336 /* NSDate+Comparable.swift */ = {isa = PBXFileReference; fileEncoding = 4; lastKnownFileType = sourcecode.swift; path = "NSDate+Comparable.swift"; sourceTree = "<group>"; };
		7D2880501BE36B8000A5A336 /* NSDateComparableTests.swift */ = {isa = PBXFileReference; fileEncoding = 4; lastKnownFileType = sourcecode.swift; path = NSDateComparableTests.swift; sourceTree = "<group>"; };
		7D86102B1B95AC720016FA87 /* DCKit.framework */ = {isa = PBXFileReference; explicitFileType = wrapper.framework; includeInIndex = 0; path = DCKit.framework; sourceTree = BUILT_PRODUCTS_DIR; };
		7D86102F1B95AC720016FA87 /* Info.plist */ = {isa = PBXFileReference; lastKnownFileType = text.plist.xml; path = Info.plist; sourceTree = "<group>"; };
		7D8610301B95AC720016FA87 /* DCKit.h */ = {isa = PBXFileReference; lastKnownFileType = sourcecode.c.h; path = DCKit.h; sourceTree = "<group>"; };
		7D8610361B95AC720016FA87 /* DCKitTests.xctest */ = {isa = PBXFileReference; explicitFileType = wrapper.cfbundle; includeInIndex = 0; path = DCKitTests.xctest; sourceTree = BUILT_PRODUCTS_DIR; };
		7D86103C1B95AC720016FA87 /* Info.plist */ = {isa = PBXFileReference; lastKnownFileType = text.plist.xml; path = Info.plist; sourceTree = "<group>"; };
		7D86103D1B95AC720016FA87 /* DCKitTests.swift */ = {isa = PBXFileReference; lastKnownFileType = sourcecode.swift; path = DCKitTests.swift; sourceTree = "<group>"; };
		7D8610471B95AD3F0016FA87 /* DCRevealVC.swift */ = {isa = PBXFileReference; fileEncoding = 4; lastKnownFileType = sourcecode.swift; path = DCRevealVC.swift; sourceTree = "<group>"; };
		7D86104D1B95AE070016FA87 /* UIViewController+ChildVC.swift */ = {isa = PBXFileReference; fileEncoding = 4; lastKnownFileType = sourcecode.swift; path = "UIViewController+ChildVC.swift"; sourceTree = "<group>"; };
		7D8610551B95B1A80016FA87 /* UIDevice+DC.swift */ = {isa = PBXFileReference; fileEncoding = 4; lastKnownFileType = sourcecode.swift; path = "UIDevice+DC.swift"; sourceTree = "<group>"; };
		7D8610591B95BA810016FA87 /* DCFoundation.swift */ = {isa = PBXFileReference; fileEncoding = 4; lastKnownFileType = sourcecode.swift; path = DCFoundation.swift; sourceTree = "<group>"; };
		7D86105B1B95BBE10016FA87 /* Array+DC.swift */ = {isa = PBXFileReference; fileEncoding = 4; lastKnownFileType = sourcecode.swift; path = "Array+DC.swift"; sourceTree = "<group>"; };
		7D86105D1B95BC810016FA87 /* NSString+EmailValidation.h */ = {isa = PBXFileReference; fileEncoding = 4; lastKnownFileType = sourcecode.c.h; path = "NSString+EmailValidation.h"; sourceTree = "<group>"; };
		7D86105E1B95BC810016FA87 /* NSString+EmailValidation.m */ = {isa = PBXFileReference; fileEncoding = 4; lastKnownFileType = sourcecode.c.objc; path = "NSString+EmailValidation.m"; sourceTree = "<group>"; };
		7D8610611B95BCDD0016FA87 /* UIApplication+DC.swift */ = {isa = PBXFileReference; fileEncoding = 4; lastKnownFileType = sourcecode.swift; path = "UIApplication+DC.swift"; sourceTree = "<group>"; };
		7D8610631B95BE1A0016FA87 /* UIColor+DC.swift */ = {isa = PBXFileReference; fileEncoding = 4; lastKnownFileType = sourcecode.swift; path = "UIColor+DC.swift"; sourceTree = "<group>"; };
		7D8610651B95BF260016FA87 /* UIResponder+KeyboardCache.swift */ = {isa = PBXFileReference; fileEncoding = 4; lastKnownFileType = sourcecode.swift; path = "UIResponder+KeyboardCache.swift"; sourceTree = "<group>"; };
		7D8610671B95BF460016FA87 /* UIDevice+DeviceTypes.swift */ = {isa = PBXFileReference; fileEncoding = 4; lastKnownFileType = sourcecode.swift; path = "UIDevice+DeviceTypes.swift"; sourceTree = "<group>"; };
		7D8610691B95C0C90016FA87 /* UICollectionViewCell+ReuseIdentifier.swift */ = {isa = PBXFileReference; fileEncoding = 4; lastKnownFileType = sourcecode.swift; path = "UICollectionViewCell+ReuseIdentifier.swift"; sourceTree = "<group>"; };
		7D86106B1B95C10A0016FA87 /* UITableViewCell+ReuseIdentifier.swift */ = {isa = PBXFileReference; fileEncoding = 4; lastKnownFileType = sourcecode.swift; path = "UITableViewCell+ReuseIdentifier.swift"; sourceTree = "<group>"; };
		7D86106D1B95C17D0016FA87 /* NSDate+DCExtension.swift */ = {isa = PBXFileReference; fileEncoding = 4; lastKnownFileType = sourcecode.swift; path = "NSDate+DCExtension.swift"; sourceTree = "<group>"; };
		7D86106F1B95C2490016FA87 /* DCRandomNumber.swift */ = {isa = PBXFileReference; fileEncoding = 4; lastKnownFileType = sourcecode.swift; path = DCRandomNumber.swift; sourceTree = "<group>"; };
		7D8610711B95C6320016FA87 /* UIView+DCFrame.swift */ = {isa = PBXFileReference; fileEncoding = 4; lastKnownFileType = sourcecode.swift; path = "UIView+DCFrame.swift"; sourceTree = "<group>"; };
		7D8BD7E51B9F670100FA73AE /* UIViewTests.swift */ = {isa = PBXFileReference; fileEncoding = 4; lastKnownFileType = sourcecode.swift; path = UIViewTests.swift; sourceTree = "<group>"; };
		7DA8B0231B9986B600D952A2 /* String+DCFontHeight.swift */ = {isa = PBXFileReference; fileEncoding = 4; lastKnownFileType = sourcecode.swift; path = "String+DCFontHeight.swift"; sourceTree = "<group>"; };
		7DA8B0251B9986DB00D952A2 /* NSString+DCFontHeight.swift */ = {isa = PBXFileReference; fileEncoding = 4; lastKnownFileType = sourcecode.swift; path = "NSString+DCFontHeight.swift"; sourceTree = "<group>"; };
		7DB899BF1B95EAEA00828DDD /* DevicesTest.swift */ = {isa = PBXFileReference; fileEncoding = 4; lastKnownFileType = sourcecode.swift; path = DevicesTest.swift; sourceTree = "<group>"; };
		CF1DA2961BBED4190033D7B7 /* NSURLRequest+DebugPrint.swift */ = {isa = PBXFileReference; fileEncoding = 4; lastKnownFileType = sourcecode.swift; path = "NSURLRequest+DebugPrint.swift"; sourceTree = "<group>"; };
		CF1DA2971BBED4190033D7B7 /* NSHTTPURLResponse+DebugPrint.swift */ = {isa = PBXFileReference; fileEncoding = 4; lastKnownFileType = sourcecode.swift; path = "NSHTTPURLResponse+DebugPrint.swift"; sourceTree = "<group>"; };
		CFD076E21B9D795E00FE020E /* DCVCTransitionFadeInOut.swift */ = {isa = PBXFileReference; fileEncoding = 4; lastKnownFileType = sourcecode.swift; path = DCVCTransitionFadeInOut.swift; sourceTree = "<group>"; };
		CFD076E31B9D795E00FE020E /* DCVCTransitionHorizontalSplit.swift */ = {isa = PBXFileReference; fileEncoding = 4; lastKnownFileType = sourcecode.swift; path = DCVCTransitionHorizontalSplit.swift; sourceTree = "<group>"; };
		CFD076E41B9D795E00FE020E /* DCVCTransitionModalScaling.swift */ = {isa = PBXFileReference; fileEncoding = 4; lastKnownFileType = sourcecode.swift; path = DCVCTransitionModalScaling.swift; sourceTree = "<group>"; };
		CFD076E51B9D795E00FE020E /* DCVCTransitionModal.swift */ = {isa = PBXFileReference; fileEncoding = 4; lastKnownFileType = sourcecode.swift; path = DCVCTransitionModal.swift; sourceTree = "<group>"; };
		CFD076E71B9D795E00FE020E /* DCVCTransitionBase.swift */ = {isa = PBXFileReference; fileEncoding = 4; lastKnownFileType = sourcecode.swift; path = DCVCTransitionBase.swift; sourceTree = "<group>"; };
		CFD076E81B9D795E00FE020E /* UIViewController+CustomTransitioning.swift */ = {isa = PBXFileReference; fileEncoding = 4; lastKnownFileType = sourcecode.swift; path = "UIViewController+CustomTransitioning.swift"; sourceTree = "<group>"; };
/* End PBXFileReference section */

/* Begin PBXFrameworksBuildPhase section */
		00DB4C1C1C1AE649005CB5A1 /* Frameworks */ = {
			isa = PBXFrameworksBuildPhase;
			buildActionMask = 2147483647;
			files = (
				00DB4C541C1AE8BB005CB5A1 /* DCKit.framework in Frameworks */,
			);
			runOnlyForDeploymentPostprocessing = 0;
		};
		00DB4C2F1C1AE64A005CB5A1 /* Frameworks */ = {
			isa = PBXFrameworksBuildPhase;
			buildActionMask = 2147483647;
			files = (
			);
			runOnlyForDeploymentPostprocessing = 0;
		};
		00DB4C3A1C1AE64A005CB5A1 /* Frameworks */ = {
			isa = PBXFrameworksBuildPhase;
			buildActionMask = 2147483647;
			files = (
			);
			runOnlyForDeploymentPostprocessing = 0;
		};
		7D8610271B95AC720016FA87 /* Frameworks */ = {
			isa = PBXFrameworksBuildPhase;
			buildActionMask = 2147483647;
			files = (
				6DD6B9CB4E7518FA8E9A9444 /* Pods_DCKit.framework in Frameworks */,
			);
			runOnlyForDeploymentPostprocessing = 0;
		};
		7D8610331B95AC720016FA87 /* Frameworks */ = {
			isa = PBXFrameworksBuildPhase;
			buildActionMask = 2147483647;
			files = (
				7D8610371B95AC720016FA87 /* DCKit.framework in Frameworks */,
			);
			runOnlyForDeploymentPostprocessing = 0;
		};
/* End PBXFrameworksBuildPhase section */

/* Begin PBXGroup section */
		00DB4C201C1AE649005CB5A1 /* DCPageTabBarControllerSampleApp */ = {
			isa = PBXGroup;
			children = (
				00DB4C211C1AE649005CB5A1 /* AppDelegate.swift */,
				00DB4C281C1AE649005CB5A1 /* Assets.xcassets */,
				00DB4C2D1C1AE649005CB5A1 /* Info.plist */,
				00DB4C4D1C1AE69A005CB5A1 /* DCMenuPageVC.swift */,
				00DB4C591C1AEB60005CB5A1 /* SampleVC.swift */,
			);
			path = DCPageTabBarControllerSampleApp;
			sourceTree = "<group>";
		};
		00DB4C351C1AE64A005CB5A1 /* DCPageTabBarControllerSampleAppTests */ = {
			isa = PBXGroup;
			children = (
				00DB4C361C1AE64A005CB5A1 /* DCPageTabBarControllerSampleAppTests.swift */,
				00DB4C381C1AE64A005CB5A1 /* Info.plist */,
			);
			path = DCPageTabBarControllerSampleAppTests;
			sourceTree = "<group>";
		};
		00DB4C401C1AE64A005CB5A1 /* DCPageTabBarControllerSampleAppUITests */ = {
			isa = PBXGroup;
			children = (
				00DB4C411C1AE64A005CB5A1 /* DCPageTabBarControllerSampleAppUITests.swift */,
				00DB4C431C1AE64A005CB5A1 /* Info.plist */,
			);
			path = DCPageTabBarControllerSampleAppUITests;
			sourceTree = "<group>";
		};
		227F1493B3E4D0427C72EA3D /* Frameworks */ = {
			isa = PBXGroup;
			children = (
				6CDC2FFA5C4EFCB976F525CC /* Pods_DCKit.framework */,
			);
			name = Frameworks;
			sourceTree = "<group>";
		};
		53DBB5AEA6767CFFFBB97BB1 /* Pods */ = {
			isa = PBXGroup;
			children = (
				436E104F9D51100F7E5B0D1C /* Pods-DCKit.debug.xcconfig */,
				2D70B2A271F6C8A865F30DC3 /* Pods-DCKit.release.xcconfig */,
			);
			name = Pods;
			sourceTree = "<group>";
		};
		7D8610211B95AC720016FA87 = {
			isa = PBXGroup;
			children = (
				00DB4C5B1C1AEC4F005CB5A1 /* Default-568h@2x.png */,
				7D86102D1B95AC720016FA87 /* DCKit */,
				7D86103A1B95AC720016FA87 /* DCKitTests */,
				00DB4C201C1AE649005CB5A1 /* DCPageTabBarControllerSampleApp */,
				00DB4C351C1AE64A005CB5A1 /* DCPageTabBarControllerSampleAppTests */,
				00DB4C401C1AE64A005CB5A1 /* DCPageTabBarControllerSampleAppUITests */,
				7D86102C1B95AC720016FA87 /* Products */,
				53DBB5AEA6767CFFFBB97BB1 /* Pods */,
				227F1493B3E4D0427C72EA3D /* Frameworks */,
			);
			sourceTree = "<group>";
		};
		7D86102C1B95AC720016FA87 /* Products */ = {
			isa = PBXGroup;
			children = (
				7D86102B1B95AC720016FA87 /* DCKit.framework */,
				7D8610361B95AC720016FA87 /* DCKitTests.xctest */,
				00DB4C1F1C1AE649005CB5A1 /* DCPageTabBarControllerSampleApp.app */,
				00DB4C321C1AE64A005CB5A1 /* DCPageTabBarControllerSampleAppTests.xctest */,
				00DB4C3D1C1AE64A005CB5A1 /* DCPageTabBarControllerSampleAppUITests.xctest */,
			);
			name = Products;
			sourceTree = "<group>";
		};
		7D86102D1B95AC720016FA87 /* DCKit */ = {
			isa = PBXGroup;
			children = (
				CFD076E11B9D795E00FE020E /* VC Custom Transitioning */,
				7D8610301B95AC720016FA87 /* DCKit.h */,
				000F79551C0DEBFB00531B22 /* DCPageTabBarController.swift */,
				7D86105B1B95BBE10016FA87 /* Array+DC.swift */,
				7D8610471B95AD3F0016FA87 /* DCRevealVC.swift */,
				7D8610551B95B1A80016FA87 /* UIDevice+DC.swift */,
				7D8610591B95BA810016FA87 /* DCFoundation.swift */,
				7D86106D1B95C17D0016FA87 /* NSDate+DCExtension.swift */,
				7D28804E1BE36B1300A5A336 /* NSDate+Comparable.swift */,
				7D86104D1B95AE070016FA87 /* UIViewController+ChildVC.swift */,
				7D8610651B95BF260016FA87 /* UIResponder+KeyboardCache.swift */,
				7D86106F1B95C2490016FA87 /* DCRandomNumber.swift */,
				7D8610671B95BF460016FA87 /* UIDevice+DeviceTypes.swift */,
				7D8610691B95C0C90016FA87 /* UICollectionViewCell+ReuseIdentifier.swift */,
				7D86106B1B95C10A0016FA87 /* UITableViewCell+ReuseIdentifier.swift */,
				7D8610611B95BCDD0016FA87 /* UIApplication+DC.swift */,
				7D8610631B95BE1A0016FA87 /* UIColor+DC.swift */,
				7D8610711B95C6320016FA87 /* UIView+DCFrame.swift */,
				7DA8B0231B9986B600D952A2 /* String+DCFontHeight.swift */,
				7DA8B0251B9986DB00D952A2 /* NSString+DCFontHeight.swift */,
				7D86105D1B95BC810016FA87 /* NSString+EmailValidation.h */,
				7D86105E1B95BC810016FA87 /* NSString+EmailValidation.m */,
				CF1DA2961BBED4190033D7B7 /* NSURLRequest+DebugPrint.swift */,
				CF1DA2971BBED4190033D7B7 /* NSHTTPURLResponse+DebugPrint.swift */,
				7D86102E1B95AC720016FA87 /* Supporting Files */,
			);
			path = DCKit;
			sourceTree = "<group>";
		};
		7D86102E1B95AC720016FA87 /* Supporting Files */ = {
			isa = PBXGroup;
			children = (
				7D86102F1B95AC720016FA87 /* Info.plist */,
			);
			name = "Supporting Files";
			sourceTree = "<group>";
		};
		7D86103A1B95AC720016FA87 /* DCKitTests */ = {
			isa = PBXGroup;
			children = (
				006E79921BCD531700F86EB1 /* ArrayTests.swift */,
				7D86103D1B95AC720016FA87 /* DCKitTests.swift */,
				006E79901BCD519100F86EB1 /* NSDateTests.swift */,
				7D12BEAB1B9894E600069310 /* DCKitColorTests.swift */,
				7DB899BF1B95EAEA00828DDD /* DevicesTest.swift */,
				7D8BD7E51B9F670100FA73AE /* UIViewTests.swift */,
				7D86103B1B95AC720016FA87 /* Supporting Files */,
				006E798E1BCD509400F86EB1 /* EmailValidationTests.swift */,
				7D2880501BE36B8000A5A336 /* NSDateComparableTests.swift */,
			);
			path = DCKitTests;
			sourceTree = "<group>";
		};
		7D86103B1B95AC720016FA87 /* Supporting Files */ = {
			isa = PBXGroup;
			children = (
				7D86103C1B95AC720016FA87 /* Info.plist */,
			);
			name = "Supporting Files";
			sourceTree = "<group>";
		};
		CFD076E11B9D795E00FE020E /* VC Custom Transitioning */ = {
			isa = PBXGroup;
			children = (
				CFD076E21B9D795E00FE020E /* DCVCTransitionFadeInOut.swift */,
				CFD076E31B9D795E00FE020E /* DCVCTransitionHorizontalSplit.swift */,
				CFD076E41B9D795E00FE020E /* DCVCTransitionModalScaling.swift */,
				CFD076E51B9D795E00FE020E /* DCVCTransitionModal.swift */,
				CFD076E71B9D795E00FE020E /* DCVCTransitionBase.swift */,
				CFD076E81B9D795E00FE020E /* UIViewController+CustomTransitioning.swift */,
			);
			path = "VC Custom Transitioning";
			sourceTree = "<group>";
		};
/* End PBXGroup section */

/* Begin PBXHeadersBuildPhase section */
		7D8610281B95AC720016FA87 /* Headers */ = {
			isa = PBXHeadersBuildPhase;
			buildActionMask = 2147483647;
			files = (
				7D86105F1B95BC810016FA87 /* NSString+EmailValidation.h in Headers */,
				7D8610311B95AC720016FA87 /* DCKit.h in Headers */,
			);
			runOnlyForDeploymentPostprocessing = 0;
		};
/* End PBXHeadersBuildPhase section */

/* Begin PBXNativeTarget section */
		00DB4C1E1C1AE649005CB5A1 /* DCPageTabBarControllerSampleApp */ = {
			isa = PBXNativeTarget;
			buildConfigurationList = 00DB4C4A1C1AE64A005CB5A1 /* Build configuration list for PBXNativeTarget "DCPageTabBarControllerSampleApp" */;
			buildPhases = (
				00DB4C1B1C1AE649005CB5A1 /* Sources */,
				00DB4C1C1C1AE649005CB5A1 /* Frameworks */,
				00DB4C1D1C1AE649005CB5A1 /* Resources */,
				00DB4C581C1AE8BC005CB5A1 /* Embed Frameworks */,
			);
			buildRules = (
			);
			dependencies = (
				00DB4C571C1AE8BB005CB5A1 /* PBXTargetDependency */,
			);
			name = DCPageTabBarControllerSampleApp;
			productName = DCPageTabBarControllerSampleApp;
			productReference = 00DB4C1F1C1AE649005CB5A1 /* DCPageTabBarControllerSampleApp.app */;
			productType = "com.apple.product-type.application";
		};
		00DB4C311C1AE64A005CB5A1 /* DCPageTabBarControllerSampleAppTests */ = {
			isa = PBXNativeTarget;
			buildConfigurationList = 00DB4C4B1C1AE64A005CB5A1 /* Build configuration list for PBXNativeTarget "DCPageTabBarControllerSampleAppTests" */;
			buildPhases = (
				00DB4C2E1C1AE64A005CB5A1 /* Sources */,
				00DB4C2F1C1AE64A005CB5A1 /* Frameworks */,
				00DB4C301C1AE64A005CB5A1 /* Resources */,
			);
			buildRules = (
			);
			dependencies = (
				00DB4C341C1AE64A005CB5A1 /* PBXTargetDependency */,
			);
			name = DCPageTabBarControllerSampleAppTests;
			productName = DCPageTabBarControllerSampleAppTests;
			productReference = 00DB4C321C1AE64A005CB5A1 /* DCPageTabBarControllerSampleAppTests.xctest */;
			productType = "com.apple.product-type.bundle.unit-test";
		};
		00DB4C3C1C1AE64A005CB5A1 /* DCPageTabBarControllerSampleAppUITests */ = {
			isa = PBXNativeTarget;
			buildConfigurationList = 00DB4C4C1C1AE64A005CB5A1 /* Build configuration list for PBXNativeTarget "DCPageTabBarControllerSampleAppUITests" */;
			buildPhases = (
				00DB4C391C1AE64A005CB5A1 /* Sources */,
				00DB4C3A1C1AE64A005CB5A1 /* Frameworks */,
				00DB4C3B1C1AE64A005CB5A1 /* Resources */,
			);
			buildRules = (
			);
			dependencies = (
				00DB4C3F1C1AE64A005CB5A1 /* PBXTargetDependency */,
			);
			name = DCPageTabBarControllerSampleAppUITests;
			productName = DCPageTabBarControllerSampleAppUITests;
			productReference = 00DB4C3D1C1AE64A005CB5A1 /* DCPageTabBarControllerSampleAppUITests.xctest */;
			productType = "com.apple.product-type.bundle.ui-testing";
		};
		7D86102A1B95AC720016FA87 /* DCKit */ = {
			isa = PBXNativeTarget;
			buildConfigurationList = 7D8610411B95AC720016FA87 /* Build configuration list for PBXNativeTarget "DCKit" */;
			buildPhases = (
				3E4B992A9ACA295197033F0D /* Check Pods Manifest.lock */,
				7D8610261B95AC720016FA87 /* Sources */,
				7D8610271B95AC720016FA87 /* Frameworks */,
				7D8610281B95AC720016FA87 /* Headers */,
				7D8610291B95AC720016FA87 /* Resources */,
				BB5A629816FF4F730B2D2796 /* Copy Pods Resources */,
			);
			buildRules = (
			);
			dependencies = (
			);
			name = DCKit;
			productName = DCKit;
			productReference = 7D86102B1B95AC720016FA87 /* DCKit.framework */;
			productType = "com.apple.product-type.framework";
		};
		7D8610351B95AC720016FA87 /* DCKitTests */ = {
			isa = PBXNativeTarget;
			buildConfigurationList = 7D8610441B95AC720016FA87 /* Build configuration list for PBXNativeTarget "DCKitTests" */;
			buildPhases = (
				7D8610321B95AC720016FA87 /* Sources */,
				7D8610331B95AC720016FA87 /* Frameworks */,
				7D8610341B95AC720016FA87 /* Resources */,
			);
			buildRules = (
			);
			dependencies = (
				7D8610391B95AC720016FA87 /* PBXTargetDependency */,
			);
			name = DCKitTests;
			productName = DCKitTests;
			productReference = 7D8610361B95AC720016FA87 /* DCKitTests.xctest */;
			productType = "com.apple.product-type.bundle.unit-test";
		};
/* End PBXNativeTarget section */

/* Begin PBXProject section */
		7D8610221B95AC720016FA87 /* Project object */ = {
			isa = PBXProject;
			attributes = {
				LastSwiftMigration = 0710;
				LastSwiftUpdateCheck = 0720;
				LastUpgradeCheck = 0640;
				ORGANIZATIONNAME = "Vladimir Kolbas";
				TargetAttributes = {
					00DB4C1E1C1AE649005CB5A1 = {
						CreatedOnToolsVersion = 7.2;
					};
					00DB4C311C1AE64A005CB5A1 = {
						CreatedOnToolsVersion = 7.2;
						TestTargetID = 00DB4C1E1C1AE649005CB5A1;
					};
					00DB4C3C1C1AE64A005CB5A1 = {
						CreatedOnToolsVersion = 7.2;
						TestTargetID = 00DB4C1E1C1AE649005CB5A1;
					};
					7D86102A1B95AC720016FA87 = {
						CreatedOnToolsVersion = 6.4;
					};
					7D8610351B95AC720016FA87 = {
						CreatedOnToolsVersion = 6.4;
					};
				};
			};
			buildConfigurationList = 7D8610251B95AC720016FA87 /* Build configuration list for PBXProject "DCKit" */;
			compatibilityVersion = "Xcode 3.2";
			developmentRegion = English;
			hasScannedForEncodings = 0;
			knownRegions = (
				en,
				Base,
			);
			mainGroup = 7D8610211B95AC720016FA87;
			productRefGroup = 7D86102C1B95AC720016FA87 /* Products */;
			projectDirPath = "";
			projectRoot = "";
			targets = (
				7D86102A1B95AC720016FA87 /* DCKit */,
				7D8610351B95AC720016FA87 /* DCKitTests */,
				00DB4C1E1C1AE649005CB5A1 /* DCPageTabBarControllerSampleApp */,
				00DB4C311C1AE64A005CB5A1 /* DCPageTabBarControllerSampleAppTests */,
				00DB4C3C1C1AE64A005CB5A1 /* DCPageTabBarControllerSampleAppUITests */,
			);
		};
/* End PBXProject section */

/* Begin PBXResourcesBuildPhase section */
		00DB4C1D1C1AE649005CB5A1 /* Resources */ = {
			isa = PBXResourcesBuildPhase;
			buildActionMask = 2147483647;
			files = (
				00DB4C291C1AE649005CB5A1 /* Assets.xcassets in Resources */,
				00DB4C5C1C1AEC4F005CB5A1 /* Default-568h@2x.png in Resources */,
			);
			runOnlyForDeploymentPostprocessing = 0;
		};
		00DB4C301C1AE64A005CB5A1 /* Resources */ = {
			isa = PBXResourcesBuildPhase;
			buildActionMask = 2147483647;
			files = (
			);
			runOnlyForDeploymentPostprocessing = 0;
		};
		00DB4C3B1C1AE64A005CB5A1 /* Resources */ = {
			isa = PBXResourcesBuildPhase;
			buildActionMask = 2147483647;
			files = (
			);
			runOnlyForDeploymentPostprocessing = 0;
		};
		7D8610291B95AC720016FA87 /* Resources */ = {
			isa = PBXResourcesBuildPhase;
			buildActionMask = 2147483647;
			files = (
				00DB4C531C1AE860005CB5A1 /* Assets.xcassets in Resources */,
				00DB4C521C1AE85D005CB5A1 /* Info.plist in Resources */,
			);
			runOnlyForDeploymentPostprocessing = 0;
		};
		7D8610341B95AC720016FA87 /* Resources */ = {
			isa = PBXResourcesBuildPhase;
			buildActionMask = 2147483647;
			files = (
			);
			runOnlyForDeploymentPostprocessing = 0;
		};
/* End PBXResourcesBuildPhase section */

/* Begin PBXShellScriptBuildPhase section */
		3E4B992A9ACA295197033F0D /* Check Pods Manifest.lock */ = {
			isa = PBXShellScriptBuildPhase;
			buildActionMask = 2147483647;
			files = (
			);
			inputPaths = (
			);
			name = "Check Pods Manifest.lock";
			outputPaths = (
			);
			runOnlyForDeploymentPostprocessing = 0;
			shellPath = /bin/sh;
			shellScript = "diff \"${PODS_ROOT}/../Podfile.lock\" \"${PODS_ROOT}/Manifest.lock\" > /dev/null\nif [[ $? != 0 ]] ; then\n    cat << EOM\nerror: The sandbox is not in sync with the Podfile.lock. Run 'pod install' or update your CocoaPods installation.\nEOM\n    exit 1\nfi\n";
			showEnvVarsInLog = 0;
		};
		BB5A629816FF4F730B2D2796 /* Copy Pods Resources */ = {
			isa = PBXShellScriptBuildPhase;
			buildActionMask = 2147483647;
			files = (
			);
			inputPaths = (
			);
			name = "Copy Pods Resources";
			outputPaths = (
			);
			runOnlyForDeploymentPostprocessing = 0;
			shellPath = /bin/sh;
			shellScript = "\"${SRCROOT}/Pods/Target Support Files/Pods-DCKit/Pods-DCKit-resources.sh\"\n";
			showEnvVarsInLog = 0;
		};
/* End PBXShellScriptBuildPhase section */

/* Begin PBXSourcesBuildPhase section */
		00DB4C1B1C1AE649005CB5A1 /* Sources */ = {
			isa = PBXSourcesBuildPhase;
			buildActionMask = 2147483647;
			files = (
				00DB4C4E1C1AE69A005CB5A1 /* DCMenuPageVC.swift in Sources */,
				00DB4C221C1AE649005CB5A1 /* AppDelegate.swift in Sources */,
				00DB4C5A1C1AEB60005CB5A1 /* SampleVC.swift in Sources */,
			);
			runOnlyForDeploymentPostprocessing = 0;
		};
		00DB4C2E1C1AE64A005CB5A1 /* Sources */ = {
			isa = PBXSourcesBuildPhase;
			buildActionMask = 2147483647;
			files = (
				00DB4C371C1AE64A005CB5A1 /* DCPageTabBarControllerSampleAppTests.swift in Sources */,
			);
			runOnlyForDeploymentPostprocessing = 0;
		};
		00DB4C391C1AE64A005CB5A1 /* Sources */ = {
			isa = PBXSourcesBuildPhase;
			buildActionMask = 2147483647;
			files = (
				00DB4C421C1AE64A005CB5A1 /* DCPageTabBarControllerSampleAppUITests.swift in Sources */,
			);
			runOnlyForDeploymentPostprocessing = 0;
		};
		7D8610261B95AC720016FA87 /* Sources */ = {
			isa = PBXSourcesBuildPhase;
			buildActionMask = 2147483647;
			files = (
				7D8610681B95BF460016FA87 /* UIDevice+DeviceTypes.swift in Sources */,
				CFD076EB1B9D795E00FE020E /* DCVCTransitionModalScaling.swift in Sources */,
				7D86105C1B95BBE10016FA87 /* Array+DC.swift in Sources */,
				7D8610561B95B1A80016FA87 /* UIDevice+DC.swift in Sources */,
				00DB4C4F1C1AE83A005CB5A1 /* AppDelegate.swift in Sources */,
				7D86106E1B95C17D0016FA87 /* NSDate+DCExtension.swift in Sources */,
				CFD076EE1B9D795E00FE020E /* DCVCTransitionBase.swift in Sources */,
				7D28804F1BE36B1300A5A336 /* NSDate+Comparable.swift in Sources */,
				7D8610601B95BC810016FA87 /* NSString+EmailValidation.m in Sources */,
				7D8610721B95C6320016FA87 /* UIView+DCFrame.swift in Sources */,
				7D8610661B95BF260016FA87 /* UIResponder+KeyboardCache.swift in Sources */,
				CFD076E91B9D795E00FE020E /* DCVCTransitionFadeInOut.swift in Sources */,
				CFD076EC1B9D795E00FE020E /* DCVCTransitionModal.swift in Sources */,
				CF1DA2991BBED4190033D7B7 /* NSHTTPURLResponse+DebugPrint.swift in Sources */,
				7D8610481B95AD3F0016FA87 /* DCRevealVC.swift in Sources */,
				00DB4C511C1AE84E005CB5A1 /* DCMenuPageVC.swift in Sources */,
				000F79561C0DEBFB00531B22 /* DCPageTabBarController.swift in Sources */,
				CF1DA2981BBED4190033D7B7 /* NSURLRequest+DebugPrint.swift in Sources */,
				7D8610621B95BCDD0016FA87 /* UIApplication+DC.swift in Sources */,
				7D86106A1B95C0C90016FA87 /* UICollectionViewCell+ReuseIdentifier.swift in Sources */,
				7D8610701B95C2490016FA87 /* DCRandomNumber.swift in Sources */,
				CFD076EA1B9D795E00FE020E /* DCVCTransitionHorizontalSplit.swift in Sources */,
				CFD076EF1B9D795E00FE020E /* UIViewController+CustomTransitioning.swift in Sources */,
				7D86106C1B95C10A0016FA87 /* UITableViewCell+ReuseIdentifier.swift in Sources */,
				7D86105A1B95BA810016FA87 /* DCFoundation.swift in Sources */,
				7DA8B0241B9986B600D952A2 /* String+DCFontHeight.swift in Sources */,
				00DB4C5D1C1AEC73005CB5A1 /* SampleVC.swift in Sources */,
				7DA8B0261B9986DB00D952A2 /* NSString+DCFontHeight.swift in Sources */,
				7D8610641B95BE1A0016FA87 /* UIColor+DC.swift in Sources */,
				7D86104E1B95AE070016FA87 /* UIViewController+ChildVC.swift in Sources */,
			);
			runOnlyForDeploymentPostprocessing = 0;
		};
		7D8610321B95AC720016FA87 /* Sources */ = {
			isa = PBXSourcesBuildPhase;
			buildActionMask = 2147483647;
			files = (
				006E79931BCD531700F86EB1 /* ArrayTests.swift in Sources */,
				7D8BD7E61B9F670100FA73AE /* UIViewTests.swift in Sources */,
				7D86103E1B95AC720016FA87 /* DCKitTests.swift in Sources */,
				006E798F1BCD509400F86EB1 /* EmailValidationTests.swift in Sources */,
				7D12BEAC1B9894E600069310 /* DCKitColorTests.swift in Sources */,
				7DB899C01B95EAEA00828DDD /* DevicesTest.swift in Sources */,
				7D2880511BE36B8000A5A336 /* NSDateComparableTests.swift in Sources */,
				006E79911BCD519100F86EB1 /* NSDateTests.swift in Sources */,
			);
			runOnlyForDeploymentPostprocessing = 0;
		};
/* End PBXSourcesBuildPhase section */

/* Begin PBXTargetDependency section */
		00DB4C341C1AE64A005CB5A1 /* PBXTargetDependency */ = {
			isa = PBXTargetDependency;
			target = 00DB4C1E1C1AE649005CB5A1 /* DCPageTabBarControllerSampleApp */;
			targetProxy = 00DB4C331C1AE64A005CB5A1 /* PBXContainerItemProxy */;
		};
		00DB4C3F1C1AE64A005CB5A1 /* PBXTargetDependency */ = {
			isa = PBXTargetDependency;
			target = 00DB4C1E1C1AE649005CB5A1 /* DCPageTabBarControllerSampleApp */;
			targetProxy = 00DB4C3E1C1AE64A005CB5A1 /* PBXContainerItemProxy */;
		};
		00DB4C571C1AE8BB005CB5A1 /* PBXTargetDependency */ = {
			isa = PBXTargetDependency;
			target = 7D86102A1B95AC720016FA87 /* DCKit */;
			targetProxy = 00DB4C561C1AE8BB005CB5A1 /* PBXContainerItemProxy */;
		};
		7D8610391B95AC720016FA87 /* PBXTargetDependency */ = {
			isa = PBXTargetDependency;
			target = 7D86102A1B95AC720016FA87 /* DCKit */;
			targetProxy = 7D8610381B95AC720016FA87 /* PBXContainerItemProxy */;
		};
/* End PBXTargetDependency section */

/* Begin XCBuildConfiguration section */
		00DB4C441C1AE64A005CB5A1 /* Debug */ = {
			isa = XCBuildConfiguration;
			buildSettings = {
				ASSETCATALOG_COMPILER_APPICON_NAME = AppIcon;
				DEBUG_INFORMATION_FORMAT = dwarf;
				EMBEDDED_CONTENT_CONTAINS_SWIFT = YES;
				ENABLE_TESTABILITY = YES;
				INFOPLIST_FILE = DCPageTabBarControllerSampleApp/Info.plist;
				IPHONEOS_DEPLOYMENT_TARGET = 9.2;
				LD_RUNPATH_SEARCH_PATHS = "$(inherited) @executable_path/Frameworks";
				PRODUCT_BUNDLE_IDENTIFIER = agency.decode.DCPageTabBarControllerSampleApp;
				PRODUCT_NAME = "$(TARGET_NAME)";
			};
			name = Debug;
		};
		00DB4C451C1AE64A005CB5A1 /* Release */ = {
			isa = XCBuildConfiguration;
			buildSettings = {
				ASSETCATALOG_COMPILER_APPICON_NAME = AppIcon;
				EMBEDDED_CONTENT_CONTAINS_SWIFT = YES;
				INFOPLIST_FILE = DCPageTabBarControllerSampleApp/Info.plist;
				IPHONEOS_DEPLOYMENT_TARGET = 9.2;
				LD_RUNPATH_SEARCH_PATHS = "$(inherited) @executable_path/Frameworks";
				PRODUCT_BUNDLE_IDENTIFIER = agency.decode.DCPageTabBarControllerSampleApp;
				PRODUCT_NAME = "$(TARGET_NAME)";
			};
			name = Release;
		};
		00DB4C461C1AE64A005CB5A1 /* Debug */ = {
			isa = XCBuildConfiguration;
			buildSettings = {
				BUNDLE_LOADER = "$(TEST_HOST)";
				DEBUG_INFORMATION_FORMAT = dwarf;
				ENABLE_TESTABILITY = YES;
				INFOPLIST_FILE = DCPageTabBarControllerSampleAppTests/Info.plist;
				IPHONEOS_DEPLOYMENT_TARGET = 9.2;
				LD_RUNPATH_SEARCH_PATHS = "$(inherited) @executable_path/Frameworks @loader_path/Frameworks";
				PRODUCT_BUNDLE_IDENTIFIER = agency.decode.DCPageTabBarControllerSampleAppTests;
				PRODUCT_NAME = "$(TARGET_NAME)";
				TEST_HOST = "$(BUILT_PRODUCTS_DIR)/DCPageTabBarControllerSampleApp.app/DCPageTabBarControllerSampleApp";
			};
			name = Debug;
		};
		00DB4C471C1AE64A005CB5A1 /* Release */ = {
			isa = XCBuildConfiguration;
			buildSettings = {
				BUNDLE_LOADER = "$(TEST_HOST)";
				INFOPLIST_FILE = DCPageTabBarControllerSampleAppTests/Info.plist;
				IPHONEOS_DEPLOYMENT_TARGET = 9.2;
				LD_RUNPATH_SEARCH_PATHS = "$(inherited) @executable_path/Frameworks @loader_path/Frameworks";
				PRODUCT_BUNDLE_IDENTIFIER = agency.decode.DCPageTabBarControllerSampleAppTests;
				PRODUCT_NAME = "$(TARGET_NAME)";
				TEST_HOST = "$(BUILT_PRODUCTS_DIR)/DCPageTabBarControllerSampleApp.app/DCPageTabBarControllerSampleApp";
			};
			name = Release;
		};
		00DB4C481C1AE64A005CB5A1 /* Debug */ = {
			isa = XCBuildConfiguration;
			buildSettings = {
				DEBUG_INFORMATION_FORMAT = dwarf;
				ENABLE_TESTABILITY = YES;
				INFOPLIST_FILE = DCPageTabBarControllerSampleAppUITests/Info.plist;
				IPHONEOS_DEPLOYMENT_TARGET = 9.2;
				LD_RUNPATH_SEARCH_PATHS = "$(inherited) @executable_path/Frameworks @loader_path/Frameworks";
				PRODUCT_BUNDLE_IDENTIFIER = agency.decode.DCPageTabBarControllerSampleAppUITests;
				PRODUCT_NAME = "$(TARGET_NAME)";
				TEST_TARGET_NAME = DCPageTabBarControllerSampleApp;
				USES_XCTRUNNER = YES;
			};
			name = Debug;
		};
		00DB4C491C1AE64A005CB5A1 /* Release */ = {
			isa = XCBuildConfiguration;
			buildSettings = {
				INFOPLIST_FILE = DCPageTabBarControllerSampleAppUITests/Info.plist;
				IPHONEOS_DEPLOYMENT_TARGET = 9.2;
				LD_RUNPATH_SEARCH_PATHS = "$(inherited) @executable_path/Frameworks @loader_path/Frameworks";
				PRODUCT_BUNDLE_IDENTIFIER = agency.decode.DCPageTabBarControllerSampleAppUITests;
				PRODUCT_NAME = "$(TARGET_NAME)";
				TEST_TARGET_NAME = DCPageTabBarControllerSampleApp;
				USES_XCTRUNNER = YES;
			};
			name = Release;
		};
		7D86103F1B95AC720016FA87 /* Debug */ = {
			isa = XCBuildConfiguration;
			buildSettings = {
				ALWAYS_SEARCH_USER_PATHS = NO;
				CLANG_CXX_LANGUAGE_STANDARD = "gnu++0x";
				CLANG_CXX_LIBRARY = "libc++";
				CLANG_ENABLE_MODULES = YES;
				CLANG_ENABLE_OBJC_ARC = YES;
				CLANG_WARN_BOOL_CONVERSION = YES;
				CLANG_WARN_CONSTANT_CONVERSION = YES;
				CLANG_WARN_DIRECT_OBJC_ISA_USAGE = YES_ERROR;
				CLANG_WARN_EMPTY_BODY = YES;
				CLANG_WARN_ENUM_CONVERSION = YES;
				CLANG_WARN_INT_CONVERSION = YES;
				CLANG_WARN_OBJC_ROOT_CLASS = YES_ERROR;
				CLANG_WARN_UNREACHABLE_CODE = YES;
				CLANG_WARN__DUPLICATE_METHOD_MATCH = YES;
				"CODE_SIGN_IDENTITY[sdk=iphoneos*]" = "iPhone Developer";
				COPY_PHASE_STRIP = NO;
				CURRENT_PROJECT_VERSION = 1;
				DEBUG_INFORMATION_FORMAT = "dwarf-with-dsym";
				ENABLE_STRICT_OBJC_MSGSEND = YES;
				GCC_C_LANGUAGE_STANDARD = gnu99;
				GCC_DYNAMIC_NO_PIC = NO;
				GCC_NO_COMMON_BLOCKS = YES;
				GCC_OPTIMIZATION_LEVEL = 0;
				GCC_PREPROCESSOR_DEFINITIONS = (
					"DEBUG=1",
					"$(inherited)",
				);
				GCC_SYMBOLS_PRIVATE_EXTERN = NO;
				GCC_WARN_64_TO_32_BIT_CONVERSION = YES;
				GCC_WARN_ABOUT_RETURN_TYPE = YES_ERROR;
				GCC_WARN_UNDECLARED_SELECTOR = YES;
				GCC_WARN_UNINITIALIZED_AUTOS = YES_AGGRESSIVE;
				GCC_WARN_UNUSED_FUNCTION = YES;
				GCC_WARN_UNUSED_VARIABLE = YES;
				IPHONEOS_DEPLOYMENT_TARGET = 8.4;
				MTL_ENABLE_DEBUG_INFO = YES;
				ONLY_ACTIVE_ARCH = YES;
				SDKROOT = iphoneos;
				SWIFT_OPTIMIZATION_LEVEL = "-Onone";
				TARGETED_DEVICE_FAMILY = "1,2";
				VERSIONING_SYSTEM = "apple-generic";
				VERSION_INFO_PREFIX = "";
			};
			name = Debug;
		};
		7D8610401B95AC720016FA87 /* Release */ = {
			isa = XCBuildConfiguration;
			buildSettings = {
				ALWAYS_SEARCH_USER_PATHS = NO;
				CLANG_CXX_LANGUAGE_STANDARD = "gnu++0x";
				CLANG_CXX_LIBRARY = "libc++";
				CLANG_ENABLE_MODULES = YES;
				CLANG_ENABLE_OBJC_ARC = YES;
				CLANG_WARN_BOOL_CONVERSION = YES;
				CLANG_WARN_CONSTANT_CONVERSION = YES;
				CLANG_WARN_DIRECT_OBJC_ISA_USAGE = YES_ERROR;
				CLANG_WARN_EMPTY_BODY = YES;
				CLANG_WARN_ENUM_CONVERSION = YES;
				CLANG_WARN_INT_CONVERSION = YES;
				CLANG_WARN_OBJC_ROOT_CLASS = YES_ERROR;
				CLANG_WARN_UNREACHABLE_CODE = YES;
				CLANG_WARN__DUPLICATE_METHOD_MATCH = YES;
				"CODE_SIGN_IDENTITY[sdk=iphoneos*]" = "iPhone Developer";
				COPY_PHASE_STRIP = NO;
				CURRENT_PROJECT_VERSION = 1;
				DEBUG_INFORMATION_FORMAT = "dwarf-with-dsym";
				ENABLE_NS_ASSERTIONS = NO;
				ENABLE_STRICT_OBJC_MSGSEND = YES;
				GCC_C_LANGUAGE_STANDARD = gnu99;
				GCC_NO_COMMON_BLOCKS = YES;
				GCC_WARN_64_TO_32_BIT_CONVERSION = YES;
				GCC_WARN_ABOUT_RETURN_TYPE = YES_ERROR;
				GCC_WARN_UNDECLARED_SELECTOR = YES;
				GCC_WARN_UNINITIALIZED_AUTOS = YES_AGGRESSIVE;
				GCC_WARN_UNUSED_FUNCTION = YES;
				GCC_WARN_UNUSED_VARIABLE = YES;
				IPHONEOS_DEPLOYMENT_TARGET = 8.4;
				MTL_ENABLE_DEBUG_INFO = NO;
				SDKROOT = iphoneos;
				TARGETED_DEVICE_FAMILY = "1,2";
				VALIDATE_PRODUCT = YES;
				VERSIONING_SYSTEM = "apple-generic";
				VERSION_INFO_PREFIX = "";
			};
			name = Release;
		};
		7D8610421B95AC720016FA87 /* Debug */ = {
			isa = XCBuildConfiguration;
			baseConfigurationReference = 436E104F9D51100F7E5B0D1C /* Pods-DCKit.debug.xcconfig */;
			buildSettings = {
				CLANG_ENABLE_MODULES = YES;
				DEFINES_MODULE = YES;
				DYLIB_COMPATIBILITY_VERSION = 1;
				DYLIB_CURRENT_VERSION = 1;
				DYLIB_INSTALL_NAME_BASE = "@rpath";
				ENABLE_TESTABILITY = YES;
				INFOPLIST_FILE = DCKit/Info.plist;
				INSTALL_PATH = "$(LOCAL_LIBRARY_DIR)/Frameworks";
				LD_RUNPATH_SEARCH_PATHS = "$(inherited) @executable_path/Frameworks @loader_path/Frameworks";
				PRODUCT_NAME = "$(TARGET_NAME)";
				SKIP_INSTALL = YES;
				SWIFT_OPTIMIZATION_LEVEL = "-Onone";
			};
			name = Debug;
		};
		7D8610431B95AC720016FA87 /* Release */ = {
			isa = XCBuildConfiguration;
			baseConfigurationReference = 2D70B2A271F6C8A865F30DC3 /* Pods-DCKit.release.xcconfig */;
			buildSettings = {
				CLANG_ENABLE_MODULES = YES;
				DEFINES_MODULE = YES;
				DYLIB_COMPATIBILITY_VERSION = 1;
				DYLIB_CURRENT_VERSION = 1;
				DYLIB_INSTALL_NAME_BASE = "@rpath";
				ENABLE_TESTABILITY = YES;
				INFOPLIST_FILE = DCKit/Info.plist;
				INSTALL_PATH = "$(LOCAL_LIBRARY_DIR)/Frameworks";
				LD_RUNPATH_SEARCH_PATHS = "$(inherited) @executable_path/Frameworks @loader_path/Frameworks";
				PRODUCT_NAME = "$(TARGET_NAME)";
				SKIP_INSTALL = YES;
			};
			name = Release;
		};
		7D8610451B95AC720016FA87 /* Debug */ = {
			isa = XCBuildConfiguration;
			buildSettings = {
				FRAMEWORK_SEARCH_PATHS = (
					"$(SDKROOT)/Developer/Library/Frameworks",
					"$(inherited)",
				);
				GCC_PREPROCESSOR_DEFINITIONS = (
					"DEBUG=1",
					"$(inherited)",
				);
				INFOPLIST_FILE = DCKitTests/Info.plist;
				LD_RUNPATH_SEARCH_PATHS = "$(inherited) @executable_path/Frameworks @loader_path/Frameworks";
				PRODUCT_NAME = "$(TARGET_NAME)";
			};
			name = Debug;
		};
		7D8610461B95AC720016FA87 /* Release */ = {
			isa = XCBuildConfiguration;
			buildSettings = {
				FRAMEWORK_SEARCH_PATHS = (
					"$(SDKROOT)/Developer/Library/Frameworks",
					"$(inherited)",
				);
				INFOPLIST_FILE = DCKitTests/Info.plist;
				LD_RUNPATH_SEARCH_PATHS = "$(inherited) @executable_path/Frameworks @loader_path/Frameworks";
				PRODUCT_NAME = "$(TARGET_NAME)";
			};
			name = Release;
		};
/* End XCBuildConfiguration section */

/* Begin XCConfigurationList section */
		00DB4C4A1C1AE64A005CB5A1 /* Build configuration list for PBXNativeTarget "DCPageTabBarControllerSampleApp" */ = {
			isa = XCConfigurationList;
			buildConfigurations = (
				00DB4C441C1AE64A005CB5A1 /* Debug */,
				00DB4C451C1AE64A005CB5A1 /* Release */,
			);
			defaultConfigurationIsVisible = 0;
			defaultConfigurationName = Release;
		};
		00DB4C4B1C1AE64A005CB5A1 /* Build configuration list for PBXNativeTarget "DCPageTabBarControllerSampleAppTests" */ = {
			isa = XCConfigurationList;
			buildConfigurations = (
				00DB4C461C1AE64A005CB5A1 /* Debug */,
				00DB4C471C1AE64A005CB5A1 /* Release */,
			);
			defaultConfigurationIsVisible = 0;
			defaultConfigurationName = Release;
		};
		00DB4C4C1C1AE64A005CB5A1 /* Build configuration list for PBXNativeTarget "DCPageTabBarControllerSampleAppUITests" */ = {
			isa = XCConfigurationList;
			buildConfigurations = (
				00DB4C481C1AE64A005CB5A1 /* Debug */,
				00DB4C491C1AE64A005CB5A1 /* Release */,
			);
			defaultConfigurationIsVisible = 0;
			defaultConfigurationName = Release;
		};
		7D8610251B95AC720016FA87 /* Build configuration list for PBXProject "DCKit" */ = {
			isa = XCConfigurationList;
			buildConfigurations = (
				7D86103F1B95AC720016FA87 /* Debug */,
				7D8610401B95AC720016FA87 /* Release */,
			);
			defaultConfigurationIsVisible = 0;
			defaultConfigurationName = Release;
		};
		7D8610411B95AC720016FA87 /* Build configuration list for PBXNativeTarget "DCKit" */ = {
			isa = XCConfigurationList;
			buildConfigurations = (
				7D8610421B95AC720016FA87 /* Debug */,
				7D8610431B95AC720016FA87 /* Release */,
			);
			defaultConfigurationIsVisible = 0;
			defaultConfigurationName = Release;
		};
		7D8610441B95AC720016FA87 /* Build configuration list for PBXNativeTarget "DCKitTests" */ = {
			isa = XCConfigurationList;
			buildConfigurations = (
				7D8610451B95AC720016FA87 /* Debug */,
				7D8610461B95AC720016FA87 /* Release */,
			);
			defaultConfigurationIsVisible = 0;
			defaultConfigurationName = Release;
		};
/* End XCConfigurationList section */
	};
	rootObject = 7D8610221B95AC720016FA87 /* Project object */;
}
